
Microsoft Visual Studio Solution File, Format Version 12.00
# Visual Studio Version 16
VisualStudioVersion = 16.0.31515.178
MinimumVisualStudioVersion = 10.0.40219.1
Project("{9A19103F-16F7-4668-BE54-9A1E7A4F7556}") = "IFoody.Api", "IFoody.Api\IFoody.Api.csproj", "{2107C662-E83C-4BDE-854D-1BF9B8D95B62}"
EndProject
Project("{9A19103F-16F7-4668-BE54-9A1E7A4F7556}") = "IFoody.Infrastructure", "IFoody.Infrastructure\IFoody.Infrastructure.csproj", "{6B64D61A-2D37-428F-9E88-9D312CA660BE}"
EndProject
Project("{9A19103F-16F7-4668-BE54-9A1E7A4F7556}") = "IFoody.Domain", "IFoody.Domain\IFoody.Domain.csproj", "{7C0DCF82-C1F7-480C-9160-1CA1C98799A6}"
EndProject
Project("{9A19103F-16F7-4668-BE54-9A1E7A4F7556}") = "IFoody.Application", "IFoody.Application\IFoody.Application.csproj", "{C95F4872-7689-4FBD-976F-C9E980095D39}"
EndProject
Project("{9A19103F-16F7-4668-BE54-9A1E7A4F7556}") = "IFoody.CrossCutting", "IFoody.CrossCutting\IFoody.CrossCutting.csproj", "{9219AC1E-D980-46FA-AED2-EF046DE859A8}"
EndProject
Project("{FAE04EC0-301F-11D3-BF4B-00C04F79EFBC}") = "IFoody.Domain.Core", "IFoody.Domain.Core\IFoody.Domain.Core.csproj", "{61209AB0-1443-4883-8329-40FAA96ED740}"
EndProject
Global
	GlobalSection(SolutionConfigurationPlatforms) = preSolution
		Debug|Any CPU = Debug|Any CPU
		Release|Any CPU = Release|Any CPU
	EndGlobalSection
	GlobalSection(ProjectConfigurationPlatforms) = postSolution
		{2107C662-E83C-4BDE-854D-1BF9B8D95B62}.Debug|Any CPU.ActiveCfg = Debug|Any CPU
		{2107C662-E83C-4BDE-854D-1BF9B8D95B62}.Debug|Any CPU.Build.0 = Debug|Any CPU
		{2107C662-E83C-4BDE-854D-1BF9B8D95B62}.Release|Any CPU.ActiveCfg = Release|Any CPU
		{2107C662-E83C-4BDE-854D-1BF9B8D95B62}.Release|Any CPU.Build.0 = Release|Any CPU
		{6B64D61A-2D37-428F-9E88-9D312CA660BE}.Debug|Any CPU.ActiveCfg = Debug|Any CPU
		{6B64D61A-2D37-428F-9E88-9D312CA660BE}.Debug|Any CPU.Build.0 = Debug|Any CPU
		{6B64D61A-2D37-428F-9E88-9D312CA660BE}.Release|Any CPU.ActiveCfg = Release|Any CPU
		{6B64D61A-2D37-428F-9E88-9D312CA660BE}.Release|Any CPU.Build.0 = Release|Any CPU
		{7C0DCF82-C1F7-480C-9160-1CA1C98799A6}.Debug|Any CPU.ActiveCfg = Debug|Any CPU
		{7C0DCF82-C1F7-480C-9160-1CA1C98799A6}.Debug|Any CPU.Build.0 = Debug|Any CPU
		{7C0DCF82-C1F7-480C-9160-1CA1C98799A6}.Release|Any CPU.ActiveCfg = Release|Any CPU
		{7C0DCF82-C1F7-480C-9160-1CA1C98799A6}.Release|Any CPU.Build.0 = Release|Any CPU
		{C95F4872-7689-4FBD-976F-C9E980095D39}.Debug|Any CPU.ActiveCfg = Debug|Any CPU
		{C95F4872-7689-4FBD-976F-C9E980095D39}.Debug|Any CPU.Build.0 = Debug|Any CPU
		{C95F4872-7689-4FBD-976F-C9E980095D39}.Release|Any CPU.ActiveCfg = Release|Any CPU
		{C95F4872-7689-4FBD-976F-C9E980095D39}.Release|Any CPU.Build.0 = Release|Any CPU
		{9219AC1E-D980-46FA-AED2-EF046DE859A8}.Debug|Any CPU.ActiveCfg = Debug|Any CPU
		{9219AC1E-D980-46FA-AED2-EF046DE859A8}.Debug|Any CPU.Build.0 = Debug|Any CPU
		{9219AC1E-D980-46FA-AED2-EF046DE859A8}.Release|Any CPU.ActiveCfg = Release|Any CPU
		{9219AC1E-D980-46FA-AED2-EF046DE859A8}.Release|Any CPU.Build.0 = Release|Any CPU
		{61209AB0-1443-4883-8329-40FAA96ED740}.Debug|Any CPU.ActiveCfg = Debug|Any CPU
		{61209AB0-1443-4883-8329-40FAA96ED740}.Debug|Any CPU.Build.0 = Debug|Any CPU
		{61209AB0-1443-4883-8329-40FAA96ED740}.Release|Any CPU.ActiveCfg = Release|Any CPU
		{61209AB0-1443-4883-8329-40FAA96ED740}.Release|Any CPU.Build.0 = Release|Any CPU
	EndGlobalSection
	GlobalSection(SolutionProperties) = preSolution
		HideSolutionNode = FALSE
	EndGlobalSection
	GlobalSection(ExtensibilityGlobals) = postSolution
		SolutionGuid = {3AB5A5AD-8F4D-4B11-B993-35C6E68E74FC}
	EndGlobalSection
EndGlobal
